
Microsoft Visual Studio Solution File, Format Version 12.00
# Visual Studio Version 17
VisualStudioVersion = 17.0.31903.59
MinimumVisualStudioVersion = 10.0.40219.1
Project("{FAE04EC0-301F-11D3-BF4B-00C04F79EFBC}") = "Criando classe", "Criando classe.csproj", "{80801A49-6ED8-4093-9AB5-A85E5E5CF4E7}"
EndProject
Global
	GlobalSection(SolutionConfigurationPlatforms) = preSolution
		Debug|Any CPU = Debug|Any CPU
		Release|Any CPU = Release|Any CPU
	EndGlobalSection
	GlobalSection(ProjectConfigurationPlatforms) = postSolution
		{80801A49-6ED8-4093-9AB5-A85E5E5CF4E7}.Debug|Any CPU.ActiveCfg = Debug|Any CPU
		{80801A49-6ED8-4093-9AB5-A85E5E5CF4E7}.Debug|Any CPU.Build.0 = Debug|Any CPU
		{80801A49-6ED8-4093-9AB5-A85E5E5CF4E7}.Release|Any CPU.ActiveCfg = Release|Any CPU
		{80801A49-6ED8-4093-9AB5-A85E5E5CF4E7}.Release|Any CPU.Build.0 = Release|Any CPU
	EndGlobalSection
	GlobalSection(SolutionProperties) = preSolution
		HideSolutionNode = FALSE
	EndGlobalSection
	GlobalSection(ExtensibilityGlobals) = postSolution
		SolutionGuid = {98A3385F-CA39-4483-B268-13D890483E64}
	EndGlobalSection
EndGlobal
